<?xml version="1.0" encoding="UTF-8"?>
<CodeBlocks_project_file>
	<FileVersion major="1" minor="6"/>
	<Project>
		<Option title="Box2D-cmake"/>
		<Option makefile_is_custom="1"/>
		<Option compiler="gcc"/>
		<Option virtualFolders="CMake Files\;CMake Files\Box2D\;CMake Files\cmake\;"/>
		<Build>
			<Target title="all">
				<Option working_dir="/home/camix/Fiuba/Taller/TDP1-Portal/Box2D"/>
				<Option type="4"/>
				<MakeCommands>
					<Build command="/usr/bin/make -f &quot;/home/camix/Fiuba/Taller/TDP1-Portal/Box2D/Makefile&quot;  VERBOSE=1 all"/>
					<CompileFile command="/usr/bin/make -f &quot;/home/camix/Fiuba/Taller/TDP1-Portal/Box2D/Makefile&quot;  VERBOSE=1 &quot;$file&quot;"/>
					<Clean command="/usr/bin/make -f &quot;/home/camix/Fiuba/Taller/TDP1-Portal/Box2D/Makefile&quot;  VERBOSE=1 clean"/>
					<DistClean command="/usr/bin/make -f &quot;/home/camix/Fiuba/Taller/TDP1-Portal/Box2D/Makefile&quot;  VERBOSE=1 clean"/>
				</MakeCommands>
			</Target>
			<Target title="Box2D-cmake">
				<Option output="/home/camix/Fiuba/Taller/TDP1-Portal/Box2D/libBox2D-cmake.a" prefix_auto="0" extension_auto="0"/>
				<Option working_dir="/home/camix/Fiuba/Taller/TDP1-Portal/Box2D"/>
				<Option object_output="./"/>
				<Option type="2"/>
				<Option compiler="gcc"/>
				<Compiler>
					<Add directory="/usr/include/SDL2"/>
					<Add directory="/home/camix/Fiuba/Taller/TDP1-Portal/client"/>
					<Add directory="/home/camix/Fiuba/Taller/TDP1-Portal/server"/>
					<Add directory="/home/camix/Fiuba/Taller/TDP1-Portal/tests"/>
					<Add directory="/home/camix/Fiuba/Taller/TDP1-Portal/Box2D/Box2D"/>
				</Compiler>
				<MakeCommands>
					<Build command="/usr/bin/make -f &quot;/home/camix/Fiuba/Taller/TDP1-Portal/Box2D/Makefile&quot;  VERBOSE=1 Box2D-cmake"/>
					<CompileFile command="/usr/bin/make -f &quot;/home/camix/Fiuba/Taller/TDP1-Portal/Box2D/Makefile&quot;  VERBOSE=1 &quot;$file&quot;"/>
					<Clean command="/usr/bin/make -f &quot;/home/camix/Fiuba/Taller/TDP1-Portal/Box2D/Makefile&quot;  VERBOSE=1 clean"/>
					<DistClean command="/usr/bin/make -f &quot;/home/camix/Fiuba/Taller/TDP1-Portal/Box2D/Makefile&quot;  VERBOSE=1 clean"/>
				</MakeCommands>
			</Target>
			<Target title="Box2D-cmake/fast">
				<Option output="/home/camix/Fiuba/Taller/TDP1-Portal/Box2D/libBox2D-cmake.a" prefix_auto="0" extension_auto="0"/>
				<Option working_dir="/home/camix/Fiuba/Taller/TDP1-Portal/Box2D"/>
				<Option object_output="./"/>
				<Option type="2"/>
				<Option compiler="gcc"/>
				<Compiler>
					<Add directory="/usr/include/SDL2"/>
					<Add directory="/home/camix/Fiuba/Taller/TDP1-Portal/client"/>
					<Add directory="/home/camix/Fiuba/Taller/TDP1-Portal/server"/>
					<Add directory="/home/camix/Fiuba/Taller/TDP1-Portal/tests"/>
					<Add directory="/home/camix/Fiuba/Taller/TDP1-Portal/Box2D/Box2D"/>
				</Compiler>
				<MakeCommands>
					<Build command="/usr/bin/make -f &quot;/home/camix/Fiuba/Taller/TDP1-Portal/Box2D/Makefile&quot;  VERBOSE=1 Box2D-cmake/fast"/>
					<CompileFile command="/usr/bin/make -f &quot;/home/camix/Fiuba/Taller/TDP1-Portal/Box2D/Makefile&quot;  VERBOSE=1 &quot;$file&quot;"/>
					<Clean command="/usr/bin/make -f &quot;/home/camix/Fiuba/Taller/TDP1-Portal/Box2D/Makefile&quot;  VERBOSE=1 clean"/>
					<DistClean command="/usr/bin/make -f &quot;/home/camix/Fiuba/Taller/TDP1-Portal/Box2D/Makefile&quot;  VERBOSE=1 clean"/>
				</MakeCommands>
			</Target>
		</Build>
		<Unit filename="/home/camix/Fiuba/Taller/TDP1-Portal/Box2D/Box2D/Box2D/Collision/Shapes/b2ChainShape.cpp">
			<Option target="Box2D-cmake"/>
		</Unit>
		<Unit filename="/home/camix/Fiuba/Taller/TDP1-Portal/Box2D/Box2D/Box2D/Collision/Shapes/b2ChainShape.h">
			<Option target="Box2D-cmake"/>
		</Unit>
		<Unit filename="/home/camix/Fiuba/Taller/TDP1-Portal/Box2D/Box2D/Box2D/Collision/Shapes/b2CircleShape.cpp">
			<Option target="Box2D-cmake"/>
		</Unit>
		<Unit filename="/home/camix/Fiuba/Taller/TDP1-Portal/Box2D/Box2D/Box2D/Collision/Shapes/b2CircleShape.h">
			<Option target="Box2D-cmake"/>
		</Unit>
		<Unit filename="/home/camix/Fiuba/Taller/TDP1-Portal/Box2D/Box2D/Box2D/Collision/Shapes/b2EdgeShape.cpp">
			<Option target="Box2D-cmake"/>
		</Unit>
		<Unit filename="/home/camix/Fiuba/Taller/TDP1-Portal/Box2D/Box2D/Box2D/Collision/Shapes/b2EdgeShape.h">
			<Option target="Box2D-cmake"/>
		</Unit>
		<Unit filename="/home/camix/Fiuba/Taller/TDP1-Portal/Box2D/Box2D/Box2D/Collision/Shapes/b2PolygonShape.cpp">
			<Option target="Box2D-cmake"/>
		</Unit>
		<Unit filename="/home/camix/Fiuba/Taller/TDP1-Portal/Box2D/Box2D/Box2D/Collision/Shapes/b2PolygonShape.h">
			<Option target="Box2D-cmake"/>
		</Unit>
		<Unit filename="/home/camix/Fiuba/Taller/TDP1-Portal/Box2D/Box2D/Box2D/Collision/b2BroadPhase.cpp">
			<Option target="Box2D-cmake"/>
		</Unit>
		<Unit filename="/home/camix/Fiuba/Taller/TDP1-Portal/Box2D/Box2D/Box2D/Collision/b2BroadPhase.h">
			<Option target="Box2D-cmake"/>
		</Unit>
		<Unit filename="/home/camix/Fiuba/Taller/TDP1-Portal/Box2D/Box2D/Box2D/Collision/b2CollideCircle.cpp">
			<Option target="Box2D-cmake"/>
		</Unit>
		<Unit filename="/home/camix/Fiuba/Taller/TDP1-Portal/Box2D/Box2D/Box2D/Collision/b2CollideEdge.cpp">
			<Option target="Box2D-cmake"/>
		</Unit>
		<Unit filename="/home/camix/Fiuba/Taller/TDP1-Portal/Box2D/Box2D/Box2D/Collision/b2CollidePolygon.cpp">
			<Option target="Box2D-cmake"/>
		</Unit>
		<Unit filename="/home/camix/Fiuba/Taller/TDP1-Portal/Box2D/Box2D/Box2D/Collision/b2Collision.cpp">
			<Option target="Box2D-cmake"/>
		</Unit>
		<Unit filename="/home/camix/Fiuba/Taller/TDP1-Portal/Box2D/Box2D/Box2D/Collision/b2Collision.h">
			<Option target="Box2D-cmake"/>
		</Unit>
		<Unit filename="/home/camix/Fiuba/Taller/TDP1-Portal/Box2D/Box2D/Box2D/Collision/b2Distance.cpp">
			<Option target="Box2D-cmake"/>
		</Unit>
		<Unit filename="/home/camix/Fiuba/Taller/TDP1-Portal/Box2D/Box2D/Box2D/Collision/b2Distance.h">
			<Option target="Box2D-cmake"/>
		</Unit>
		<Unit filename="/home/camix/Fiuba/Taller/TDP1-Portal/Box2D/Box2D/Box2D/Collision/b2DynamicTree.cpp">
			<Option target="Box2D-cmake"/>
		</Unit>
		<Unit filename="/home/camix/Fiuba/Taller/TDP1-Portal/Box2D/Box2D/Box2D/Collision/b2DynamicTree.h">
			<Option target="Box2D-cmake"/>
		</Unit>
		<Unit filename="/home/camix/Fiuba/Taller/TDP1-Portal/Box2D/Box2D/Box2D/Collision/b2TimeOfImpact.cpp">
			<Option target="Box2D-cmake"/>
		</Unit>
		<Unit filename="/home/camix/Fiuba/Taller/TDP1-Portal/Box2D/Box2D/Box2D/Collision/b2TimeOfImpact.h">
			<Option target="Box2D-cmake"/>
		</Unit>
		<Unit filename="/home/camix/Fiuba/Taller/TDP1-Portal/Box2D/Box2D/Box2D/Common/b2BlockAllocator.cpp">
			<Option target="Box2D-cmake"/>
		</Unit>
		<Unit filename="/home/camix/Fiuba/Taller/TDP1-Portal/Box2D/Box2D/Box2D/Common/b2BlockAllocator.h">
			<Option target="Box2D-cmake"/>
		</Unit>
		<Unit filename="/home/camix/Fiuba/Taller/TDP1-Portal/Box2D/Box2D/Box2D/Common/b2Draw.cpp">
			<Option target="Box2D-cmake"/>
		</Unit>
		<Unit filename="/home/camix/Fiuba/Taller/TDP1-Portal/Box2D/Box2D/Box2D/Common/b2Draw.h">
			<Option target="Box2D-cmake"/>
		</Unit>
		<Unit filename="/home/camix/Fiuba/Taller/TDP1-Portal/Box2D/Box2D/Box2D/Common/b2Math.cpp">
			<Option target="Box2D-cmake"/>
		</Unit>
		<Unit filename="/home/camix/Fiuba/Taller/TDP1-Portal/Box2D/Box2D/Box2D/Common/b2Math.h">
			<Option target="Box2D-cmake"/>
		</Unit>
		<Unit filename="/home/camix/Fiuba/Taller/TDP1-Portal/Box2D/Box2D/Box2D/Common/b2Settings.cpp">
			<Option target="Box2D-cmake"/>
		</Unit>
		<Unit filename="/home/camix/Fiuba/Taller/TDP1-Portal/Box2D/Box2D/Box2D/Common/b2Settings.h">
			<Option target="Box2D-cmake"/>
		</Unit>
		<Unit filename="/home/camix/Fiuba/Taller/TDP1-Portal/Box2D/Box2D/Box2D/Common/b2StackAllocator.cpp">
			<Option target="Box2D-cmake"/>
		</Unit>
		<Unit filename="/home/camix/Fiuba/Taller/TDP1-Portal/Box2D/Box2D/Box2D/Common/b2StackAllocator.h">
			<Option target="Box2D-cmake"/>
		</Unit>
		<Unit filename="/home/camix/Fiuba/Taller/TDP1-Portal/Box2D/Box2D/Box2D/Common/b2Timer.cpp">
			<Option target="Box2D-cmake"/>
		</Unit>
		<Unit filename="/home/camix/Fiuba/Taller/TDP1-Portal/Box2D/Box2D/Box2D/Common/b2Timer.h">
			<Option target="Box2D-cmake"/>
		</Unit>
		<Unit filename="/home/camix/Fiuba/Taller/TDP1-Portal/Box2D/Box2D/Box2D/Dynamics/Contacts/b2ChainAndCircleContact.cpp">
			<Option target="Box2D-cmake"/>
		</Unit>
		<Unit filename="/home/camix/Fiuba/Taller/TDP1-Portal/Box2D/Box2D/Box2D/Dynamics/Contacts/b2ChainAndCircleContact.h">
			<Option target="Box2D-cmake"/>
		</Unit>
		<Unit filename="/home/camix/Fiuba/Taller/TDP1-Portal/Box2D/Box2D/Box2D/Dynamics/Contacts/b2ChainAndPolygonContact.cpp">
			<Option target="Box2D-cmake"/>
		</Unit>
		<Unit filename="/home/camix/Fiuba/Taller/TDP1-Portal/Box2D/Box2D/Box2D/Dynamics/Contacts/b2ChainAndPolygonContact.h">
			<Option target="Box2D-cmake"/>
		</Unit>
		<Unit filename="/home/camix/Fiuba/Taller/TDP1-Portal/Box2D/Box2D/Box2D/Dynamics/Contacts/b2CircleContact.cpp">
			<Option target="Box2D-cmake"/>
		</Unit>
		<Unit filename="/home/camix/Fiuba/Taller/TDP1-Portal/Box2D/Box2D/Box2D/Dynamics/Contacts/b2CircleContact.h">
			<Option target="Box2D-cmake"/>
		</Unit>
		<Unit filename="/home/camix/Fiuba/Taller/TDP1-Portal/Box2D/Box2D/Box2D/Dynamics/Contacts/b2Contact.cpp">
			<Option target="Box2D-cmake"/>
		</Unit>
		<Unit filename="/home/camix/Fiuba/Taller/TDP1-Portal/Box2D/Box2D/Box2D/Dynamics/Contacts/b2Contact.h">
			<Option target="Box2D-cmake"/>
		</Unit>
		<Unit filename="/home/camix/Fiuba/Taller/TDP1-Portal/Box2D/Box2D/Box2D/Dynamics/Contacts/b2ContactSolver.cpp">
			<Option target="Box2D-cmake"/>
		</Unit>
		<Unit filename="/home/camix/Fiuba/Taller/TDP1-Portal/Box2D/Box2D/Box2D/Dynamics/Contacts/b2ContactSolver.h">
			<Option target="Box2D-cmake"/>
		</Unit>
		<Unit filename="/home/camix/Fiuba/Taller/TDP1-Portal/Box2D/Box2D/Box2D/Dynamics/Contacts/b2EdgeAndCircleContact.cpp">
			<Option target="Box2D-cmake"/>
		</Unit>
		<Unit filename="/home/camix/Fiuba/Taller/TDP1-Portal/Box2D/Box2D/Box2D/Dynamics/Contacts/b2EdgeAndCircleContact.h">
			<Option target="Box2D-cmake"/>
		</Unit>
		<Unit filename="/home/camix/Fiuba/Taller/TDP1-Portal/Box2D/Box2D/Box2D/Dynamics/Contacts/b2EdgeAndPolygonContact.cpp">
			<Option target="Box2D-cmake"/>
		</Unit>
		<Unit filename="/home/camix/Fiuba/Taller/TDP1-Portal/Box2D/Box2D/Box2D/Dynamics/Contacts/b2EdgeAndPolygonContact.h">
			<Option target="Box2D-cmake"/>
		</Unit>
		<Unit filename="/home/camix/Fiuba/Taller/TDP1-Portal/Box2D/Box2D/Box2D/Dynamics/Contacts/b2PolygonAndCircleContact.cpp">
			<Option target="Box2D-cmake"/>
		</Unit>
		<Unit filename="/home/camix/Fiuba/Taller/TDP1-Portal/Box2D/Box2D/Box2D/Dynamics/Contacts/b2PolygonAndCircleContact.h">
			<Option target="Box2D-cmake"/>
		</Unit>
		<Unit filename="/home/camix/Fiuba/Taller/TDP1-Portal/Box2D/Box2D/Box2D/Dynamics/Contacts/b2PolygonContact.cpp">
			<Option target="Box2D-cmake"/>
		</Unit>
		<Unit filename="/home/camix/Fiuba/Taller/TDP1-Portal/Box2D/Box2D/Box2D/Dynamics/Contacts/b2PolygonContact.h">
			<Option target="Box2D-cmake"/>
		</Unit>
		<Unit filename="/home/camix/Fiuba/Taller/TDP1-Portal/Box2D/Box2D/Box2D/Dynamics/Joints/b2DistanceJoint.cpp">
			<Option target="Box2D-cmake"/>
		</Unit>
		<Unit filename="/home/camix/Fiuba/Taller/TDP1-Portal/Box2D/Box2D/Box2D/Dynamics/Joints/b2DistanceJoint.h">
			<Option target="Box2D-cmake"/>
		</Unit>
		<Unit filename="/home/camix/Fiuba/Taller/TDP1-Portal/Box2D/Box2D/Box2D/Dynamics/Joints/b2FrictionJoint.cpp">
			<Option target="Box2D-cmake"/>
		</Unit>
		<Unit filename="/home/camix/Fiuba/Taller/TDP1-Portal/Box2D/Box2D/Box2D/Dynamics/Joints/b2FrictionJoint.h">
			<Option target="Box2D-cmake"/>
		</Unit>
		<Unit filename="/home/camix/Fiuba/Taller/TDP1-Portal/Box2D/Box2D/Box2D/Dynamics/Joints/b2GearJoint.cpp">
			<Option target="Box2D-cmake"/>
		</Unit>
		<Unit filename="/home/camix/Fiuba/Taller/TDP1-Portal/Box2D/Box2D/Box2D/Dynamics/Joints/b2GearJoint.h">
			<Option target="Box2D-cmake"/>
		</Unit>
		<Unit filename="/home/camix/Fiuba/Taller/TDP1-Portal/Box2D/Box2D/Box2D/Dynamics/Joints/b2Joint.cpp">
			<Option target="Box2D-cmake"/>
		</Unit>
		<Unit filename="/home/camix/Fiuba/Taller/TDP1-Portal/Box2D/Box2D/Box2D/Dynamics/Joints/b2Joint.h">
			<Option target="Box2D-cmake"/>
		</Unit>
		<Unit filename="/home/camix/Fiuba/Taller/TDP1-Portal/Box2D/Box2D/Box2D/Dynamics/Joints/b2MotorJoint.cpp">
			<Option target="Box2D-cmake"/>
		</Unit>
		<Unit filename="/home/camix/Fiuba/Taller/TDP1-Portal/Box2D/Box2D/Box2D/Dynamics/Joints/b2MotorJoint.h">
			<Option target="Box2D-cmake"/>
		</Unit>
		<Unit filename="/home/camix/Fiuba/Taller/TDP1-Portal/Box2D/Box2D/Box2D/Dynamics/Joints/b2MouseJoint.cpp">
			<Option target="Box2D-cmake"/>
		</Unit>
		<Unit filename="/home/camix/Fiuba/Taller/TDP1-Portal/Box2D/Box2D/Box2D/Dynamics/Joints/b2MouseJoint.h">
			<Option target="Box2D-cmake"/>
		</Unit>
		<Unit filename="/home/camix/Fiuba/Taller/TDP1-Portal/Box2D/Box2D/Box2D/Dynamics/Joints/b2PrismaticJoint.cpp">
			<Option target="Box2D-cmake"/>
		</Unit>
		<Unit filename="/home/camix/Fiuba/Taller/TDP1-Portal/Box2D/Box2D/Box2D/Dynamics/Joints/b2PrismaticJoint.h">
			<Option target="Box2D-cmake"/>
		</Unit>
		<Unit filename="/home/camix/Fiuba/Taller/TDP1-Portal/Box2D/Box2D/Box2D/Dynamics/Joints/b2PulleyJoint.cpp">
			<Option target="Box2D-cmake"/>
		</Unit>
		<Unit filename="/home/camix/Fiuba/Taller/TDP1-Portal/Box2D/Box2D/Box2D/Dynamics/Joints/b2PulleyJoint.h">
			<Option target="Box2D-cmake"/>
		</Unit>
		<Unit filename="/home/camix/Fiuba/Taller/TDP1-Portal/Box2D/Box2D/Box2D/Dynamics/Joints/b2RevoluteJoint.cpp">
			<Option target="Box2D-cmake"/>
		</Unit>
		<Unit filename="/home/camix/Fiuba/Taller/TDP1-Portal/Box2D/Box2D/Box2D/Dynamics/Joints/b2RevoluteJoint.h">
			<Option target="Box2D-cmake"/>
		</Unit>
		<Unit filename="/home/camix/Fiuba/Taller/TDP1-Portal/Box2D/Box2D/Box2D/Dynamics/Joints/b2RopeJoint.cpp">
			<Option target="Box2D-cmake"/>
		</Unit>
		<Unit filename="/home/camix/Fiuba/Taller/TDP1-Portal/Box2D/Box2D/Box2D/Dynamics/Joints/b2RopeJoint.h">
			<Option target="Box2D-cmake"/>
		</Unit>
		<Unit filename="/home/camix/Fiuba/Taller/TDP1-Portal/Box2D/Box2D/Box2D/Dynamics/Joints/b2WeldJoint.cpp">
			<Option target="Box2D-cmake"/>
		</Unit>
		<Unit filename="/home/camix/Fiuba/Taller/TDP1-Portal/Box2D/Box2D/Box2D/Dynamics/Joints/b2WeldJoint.h">
			<Option target="Box2D-cmake"/>
		</Unit>
		<Unit filename="/home/camix/Fiuba/Taller/TDP1-Portal/Box2D/Box2D/Box2D/Dynamics/Joints/b2WheelJoint.cpp">
			<Option target="Box2D-cmake"/>
		</Unit>
		<Unit filename="/home/camix/Fiuba/Taller/TDP1-Portal/Box2D/Box2D/Box2D/Dynamics/Joints/b2WheelJoint.h">
			<Option target="Box2D-cmake"/>
		</Unit>
		<Unit filename="/home/camix/Fiuba/Taller/TDP1-Portal/Box2D/Box2D/Box2D/Dynamics/b2Body.cpp">
			<Option target="Box2D-cmake"/>
		</Unit>
		<Unit filename="/home/camix/Fiuba/Taller/TDP1-Portal/Box2D/Box2D/Box2D/Dynamics/b2Body.h">
			<Option target="Box2D-cmake"/>
		</Unit>
		<Unit filename="/home/camix/Fiuba/Taller/TDP1-Portal/Box2D/Box2D/Box2D/Dynamics/b2ContactManager.cpp">
			<Option target="Box2D-cmake"/>
		</Unit>
		<Unit filename="/home/camix/Fiuba/Taller/TDP1-Portal/Box2D/Box2D/Box2D/Dynamics/b2ContactManager.h">
			<Option target="Box2D-cmake"/>
		</Unit>
		<Unit filename="/home/camix/Fiuba/Taller/TDP1-Portal/Box2D/Box2D/Box2D/Dynamics/b2Fixture.cpp">
			<Option target="Box2D-cmake"/>
		</Unit>
		<Unit filename="/home/camix/Fiuba/Taller/TDP1-Portal/Box2D/Box2D/Box2D/Dynamics/b2Fixture.h">
			<Option target="Box2D-cmake"/>
		</Unit>
		<Unit filename="/home/camix/Fiuba/Taller/TDP1-Portal/Box2D/Box2D/Box2D/Dynamics/b2Island.cpp">
			<Option target="Box2D-cmake"/>
		</Unit>
		<Unit filename="/home/camix/Fiuba/Taller/TDP1-Portal/Box2D/Box2D/Box2D/Dynamics/b2Island.h">
			<Option target="Box2D-cmake"/>
		</Unit>
		<Unit filename="/home/camix/Fiuba/Taller/TDP1-Portal/Box2D/Box2D/Box2D/Dynamics/b2World.cpp">
			<Option target="Box2D-cmake"/>
		</Unit>
		<Unit filename="/home/camix/Fiuba/Taller/TDP1-Portal/Box2D/Box2D/Box2D/Dynamics/b2World.h">
			<Option target="Box2D-cmake"/>
		</Unit>
		<Unit filename="/home/camix/Fiuba/Taller/TDP1-Portal/Box2D/Box2D/Box2D/Dynamics/b2WorldCallbacks.cpp">
			<Option target="Box2D-cmake"/>
		</Unit>
		<Unit filename="/home/camix/Fiuba/Taller/TDP1-Portal/Box2D/Box2D/Box2D/Dynamics/b2WorldCallbacks.h">
			<Option target="Box2D-cmake"/>
		</Unit>
		<Unit filename="/home/camix/Fiuba/Taller/TDP1-Portal/Box2D/Box2D/Box2D/Rope/b2Rope.cpp">
			<Option target="Box2D-cmake"/>
		</Unit>
		<Unit filename="/home/camix/Fiuba/Taller/TDP1-Portal/Box2D/Box2D/Box2D/Rope/b2Rope.h">
			<Option target="Box2D-cmake"/>
		</Unit>
		<Unit filename="/home/camix/Fiuba/Taller/TDP1-Portal/CMakeLists.txt">
			<Option virtualFolder="CMake Files\"/>
		</Unit>
		<Unit filename="/home/camix/Fiuba/Taller/TDP1-Portal/Box2D/CMakeLists.txt">
			<Option virtualFolder="CMake Files\Box2D\"/>
		</Unit>
		<Unit filename="/home/camix/Fiuba/Taller/TDP1-Portal/cmake/FindSDL2.cmake">
			<Option virtualFolder="CMake Files\cmake\"/>
		</Unit>
		<Unit filename="/home/camix/Fiuba/Taller/TDP1-Portal/cmake/FindSDL2_image.cmake">
			<Option virtualFolder="CMake Files\cmake\"/>
		</Unit>
	</Project>
</CodeBlocks_project_file>
